
Microsoft Visual Studio Solution File, Format Version 12.00
# Visual Studio Version 16
VisualStudioVersion = 16.0.31005.135
MinimumVisualStudioVersion = 10.0.40219.1
Project("{FAE04EC0-301F-11D3-BF4B-00C04F79EFBC}") = "HelloVisualStudio", "HelloVisualStudio\HelloVisualStudio.csproj", "{9464FE32-093E-4263-9301-30750F0B6951}"
EndProject
Global
	GlobalSection(SolutionConfigurationPlatforms) = preSolution
		Debug|Any CPU = Debug|Any CPU
		Release|Any CPU = Release|Any CPU
	EndGlobalSection
	GlobalSection(ProjectConfigurationPlatforms) = postSolution
		{9464FE32-093E-4263-9301-30750F0B6951}.Debug|Any CPU.ActiveCfg = Debug|Any CPU
		{9464FE32-093E-4263-9301-30750F0B6951}.Debug|Any CPU.Build.0 = Debug|Any CPU
		{9464FE32-093E-4263-9301-30750F0B6951}.Release|Any CPU.ActiveCfg = Release|Any CPU
		{9464FE32-093E-4263-9301-30750F0B6951}.Release|Any CPU.Build.0 = Release|Any CPU
	EndGlobalSection
	GlobalSection(SolutionProperties) = preSolution
		HideSolutionNode = FALSE
	EndGlobalSection
	GlobalSection(ExtensibilityGlobals) = postSolution
		SolutionGuid = {7472BE28-F7DE-4E59-83D8-1CA834241DFD}
	EndGlobalSection
EndGlobal
